
Microsoft Visual Studio Solution File, Format Version 12.00
# Visual Studio Version 17
VisualStudioVersion = 17.6.33829.357
MinimumVisualStudioVersion = 10.0.40219.1
Project("{9A19103F-16F7-4668-BE54-9A1E7A4F7556}") = "ServiceBrokerListener.Domain", "ServiceBrokerListener.Domain\ServiceBrokerListener.Domain.csproj", "{7DAFEC37-6AD9-4321-98BE-4C3DB2404266}"
EndProject
Project("{FAE04EC0-301F-11D3-BF4B-00C04F79EFBC}") = "ServiceBrokerListener.Test.Unit", "ServiceBrokerListener.Test.Unit\ServiceBrokerListener.Test.Unit.csproj", "{C2E37E87-E2F6-4CA9-BFDE-8B9DC994650F}"
EndProject
Global
	GlobalSection(SolutionConfigurationPlatforms) = preSolution
		Debug|Any CPU = Debug|Any CPU
		Release|Any CPU = Release|Any CPU
	EndGlobalSection
	GlobalSection(ProjectConfigurationPlatforms) = postSolution
		{7DAFEC37-6AD9-4321-98BE-4C3DB2404266}.Debug|Any CPU.ActiveCfg = Debug|Any CPU
		{7DAFEC37-6AD9-4321-98BE-4C3DB2404266}.Debug|Any CPU.Build.0 = Debug|Any CPU
		{7DAFEC37-6AD9-4321-98BE-4C3DB2404266}.Release|Any CPU.ActiveCfg = Release|Any CPU
		{7DAFEC37-6AD9-4321-98BE-4C3DB2404266}.Release|Any CPU.Build.0 = Release|Any CPU
		{C2E37E87-E2F6-4CA9-BFDE-8B9DC994650F}.Debug|Any CPU.ActiveCfg = Debug|Any CPU
		{C2E37E87-E2F6-4CA9-BFDE-8B9DC994650F}.Debug|Any CPU.Build.0 = Debug|Any CPU
		{C2E37E87-E2F6-4CA9-BFDE-8B9DC994650F}.Release|Any CPU.ActiveCfg = Release|Any CPU
		{C2E37E87-E2F6-4CA9-BFDE-8B9DC994650F}.Release|Any CPU.Build.0 = Release|Any CPU
	EndGlobalSection
	GlobalSection(SolutionProperties) = preSolution
		HideSolutionNode = FALSE
	EndGlobalSection
	GlobalSection(ExtensibilityGlobals) = postSolution
		SolutionGuid = {12FC0939-7201-4B76-BABB-C9F118AEECD3}
	EndGlobalSection
EndGlobal
